
Microsoft Visual Studio Solution File, Format Version 12.00
# Visual Studio Version 17
VisualStudioVersion = 17.6.33829.357
MinimumVisualStudioVersion = 10.0.40219.1
Project("{FAE04EC0-301F-11D3-BF4B-00C04F79EFBC}") = "Eventfy", "Eventfy\Eventfy.csproj", "{09EAB258-BED1-4881-A37D-20555575520F}"
EndProject
Project("{FAE04EC0-301F-11D3-BF4B-00C04F79EFBC}") = "Eventfy.Tests", "..\Eventfy.Tests\Eventfy.Tests.csproj", "{FAF1F535-7129-40AC-90FC-F8C440262850}"
EndProject
Global
	GlobalSection(SolutionConfigurationPlatforms) = preSolution
		Debug|Any CPU = Debug|Any CPU
		Release|Any CPU = Release|Any CPU
	EndGlobalSection
	GlobalSection(ProjectConfigurationPlatforms) = postSolution
		{09EAB258-BED1-4881-A37D-20555575520F}.Debug|Any CPU.ActiveCfg = Debug|Any CPU
		{09EAB258-BED1-4881-A37D-20555575520F}.Debug|Any CPU.Build.0 = Debug|Any CPU
		{09EAB258-BED1-4881-A37D-20555575520F}.Release|Any CPU.ActiveCfg = Release|Any CPU
		{09EAB258-BED1-4881-A37D-20555575520F}.Release|Any CPU.Build.0 = Release|Any CPU
		{FAF1F535-7129-40AC-90FC-F8C440262850}.Debug|Any CPU.ActiveCfg = Debug|Any CPU
		{FAF1F535-7129-40AC-90FC-F8C440262850}.Debug|Any CPU.Build.0 = Debug|Any CPU
		{FAF1F535-7129-40AC-90FC-F8C440262850}.Release|Any CPU.ActiveCfg = Release|Any CPU
		{FAF1F535-7129-40AC-90FC-F8C440262850}.Release|Any CPU.Build.0 = Release|Any CPU
	EndGlobalSection
	GlobalSection(SolutionProperties) = preSolution
		HideSolutionNode = FALSE
	EndGlobalSection
	GlobalSection(ExtensibilityGlobals) = postSolution
		SolutionGuid = {2AB1ABC1-9599-4470-8740-39DE0019C951}
	EndGlobalSection
EndGlobal
